
Microsoft Visual Studio Solution File, Format Version 12.00
# Visual Studio 15
VisualStudioVersion = 15.0.28010.2026
MinimumVisualStudioVersion = 10.0.40219.1
Project("{FAE04EC0-301F-11D3-BF4B-00C04F79EFBC}") = "MatplotlibTest", "MatplotlibTest\MatplotlibTest.csproj", "{976E1E7A-3EFB-4CCB-94C7-0C79C849F393}"
EndProject
Global
	GlobalSection(SolutionConfigurationPlatforms) = preSolution
		Debug|Any CPU = Debug|Any CPU
		Release|Any CPU = Release|Any CPU
	EndGlobalSection
	GlobalSection(ProjectConfigurationPlatforms) = postSolution
		{976E1E7A-3EFB-4CCB-94C7-0C79C849F393}.Debug|Any CPU.ActiveCfg = Debug|Any CPU
		{976E1E7A-3EFB-4CCB-94C7-0C79C849F393}.Debug|Any CPU.Build.0 = Debug|Any CPU
		{976E1E7A-3EFB-4CCB-94C7-0C79C849F393}.Release|Any CPU.ActiveCfg = Release|Any CPU
		{976E1E7A-3EFB-4CCB-94C7-0C79C849F393}.Release|Any CPU.Build.0 = Release|Any CPU
	EndGlobalSection
	GlobalSection(SolutionProperties) = preSolution
		HideSolutionNode = FALSE
	EndGlobalSection
	GlobalSection(ExtensibilityGlobals) = postSolution
		SolutionGuid = {323552FD-110B-4D1A-AD34-92C7003F7CEA}
	EndGlobalSection
EndGlobal
